<?xml version="1.0" encoding="utf-8"?>
<Project ToolsVersion="4.0" xmlns="http://schemas.microsoft.com/developer/msbuild/2003">
  <ItemGroup>
    <Filter Include="File di origine">
      <UniqueIdentifier>{4FC737F1-C7A5-4376-A066-2A32D752A2FF}</UniqueIdentifier>
      <Extensions>cpp;c;cc;cxx;c++;cppm;ixx;def;odl;idl;hpj;bat;asm;asmx</Extensions>
    </Filter>
    <Filter Include="File di intestazione">
      <UniqueIdentifier>{93995380-89BD-4b04-88EB-625FBE52EBFB}</UniqueIdentifier>
      <Extensions>h;hh;hpp;hxx;h++;hm;inl;inc;ipp;xsd</Extensions>
    </Filter>
    <Filter Include="File di risorse">
      <UniqueIdentifier>{67DA6AB6-F800-4c08-8B7A-83BB121AAD01}</UniqueIdentifier>
      <Extensions>rc;ico;cur;bmp;dlg;rc2;rct;bin;rgs;gif;jpg;jpeg;jpe;resx;tiff;tif;png;wav;mfcribbon-ms</Extensions>
    </Filter>
    <Filter Include="File di intestazione\imgui">
      <UniqueIdentifier>{b18c97e6-1780-4fcc-b8ea-f6920bb11392}</UniqueIdentifier>
    </Filter>
    <Filter Include="File di origine\imgui">
      <UniqueIdentifier>{bf708c88-7b3c-4a67-9aae-ee7c02de9117}</UniqueIdentifier>
    </Filter>
  </ItemGroup>
  <ItemGroup>
    <ClCompile Include="glad.c">
      <Filter>File di origine</Filter>
    </ClCompile>
    <ClCompile Include="Gui.cpp">
      <Filter>File di origine</Filter>
    </ClCompile>
    <ClCompile Include="inizializzazioni.cpp">
      <Filter>File di origine</Filter>
    </ClCompile>
    <ClCompile Include="load_meshes_assimp.cpp">
      <Filter>File di origine</Filter>
    </ClCompile>
    <ClCompile Include="rendering.cpp">
      <Filter>File di origine</Filter>
    </ClCompile>
    <ClCompile Include="utilities.cpp">
      <Filter>File di origine</Filter>
    </ClCompile>
    <ClCompile Include="gestioneTexture.cpp">
      <Filter>File di origine</Filter>
    </ClCompile>
    <ClCompile Include="gestione_telecamera.cpp">
      <Filter>File di origine</Filter>
    </ClCompile>
    <ClCompile Include="gestione_interazioni.cpp">
      <Filter>File di origine</Filter>
    </ClCompile>
    <ClCompile Include="geometria_obj.cpp">
      <Filter>File di origine</Filter>
    </ClCompile>
    <ClCompile Include="geometria.cpp">
      <Filter>File di origine</Filter>
    </ClCompile>
    <ClCompile Include="main.cpp">
      <Filter>File di origine</Filter>
    </ClCompile>
    <ClCompile Include="ShaderMaker.cpp">
      <Filter>File di origine</Filter>
    </ClCompile>
    <ClCompile Include="ImGui\imgui.cpp">
      <Filter>File di origine\imgui</Filter>
    </ClCompile>
    <ClCompile Include="ImGui\imgui_demo.cpp">
      <Filter>File di origine\imgui</Filter>
    </ClCompile>
    <ClCompile Include="ImGui\imgui_draw.cpp">
      <Filter>File di origine\imgui</Filter>
    </ClCompile>
    <ClCompile Include="ImGui\imgui_impl_glfw.cpp">
      <Filter>File di origine\imgui</Filter>
    </ClCompile>
    <ClCompile Include="ImGui\imgui_impl_opengl3.cpp">
      <Filter>File di origine\imgui</Filter>
    </ClCompile>
    <ClCompile Include="ImGui\imgui_tables.cpp">
      <Filter>File di origine\imgui</Filter>
    </ClCompile>
    <ClCompile Include="ImGui\imgui_widgets.cpp">
      <Filter>File di origine\imgui</Filter>
    </ClCompile>
  </ItemGroup>
  <ItemGroup>
    <ClInclude Include="Gui.h">
      <Filter>File di intestazione</Filter>
    </ClInclude>
    <ClInclude Include="lib.h">
      <Filter>File di intestazione</Filter>
    </ClInclude>
    <ClInclude Include="inizializzazioni.h">
      <Filter>File di intestazione</Filter>
    </ClInclude>
    <ClInclude Include="load_meshes_assimp.h">
      <Filter>File di intestazione</Filter>
    </ClInclude>
    <ClInclude Include="rendering.h">
      <Filter>File di intestazione</Filter>
    </ClInclude>
    <ClInclude Include="ShaderMaker.h">
      <Filter>File di intestazione</Filter>
    </ClInclude>
    <ClInclude Include="stb_image.h">
      <Filter>File di intestazione</Filter>
    </ClInclude>
    <ClInclude Include="strutture.h">
      <Filter>File di intestazione</Filter>
    </ClInclude>
    <ClInclude Include="utilities.h">
      <Filter>File di intestazione</Filter>
    </ClInclude>
    <ClInclude Include="gestioneTexture.h">
      <Filter>File di intestazione</Filter>
    </ClInclude>
    <ClInclude Include="gestione_telecamera.h">
      <Filter>File di intestazione</Filter>
    </ClInclude>
    <ClInclude Include="gestione_interazioni.h">
      <Filter>File di intestazione</Filter>
    </ClInclude>
    <ClInclude Include="geometria_obj.h">
      <Filter>File di intestazione</Filter>
    </ClInclude>
    <ClInclude Include="geometria.h">
      <Filter>File di intestazione</Filter>
    </ClInclude>
    <ClInclude Include="event_management.h">
      <Filter>File di intestazione</Filter>
    </ClInclude>
    <ClInclude Include="enum_illuminazione.h">
      <Filter>File di intestazione</Filter>
    </ClInclude>
    <ClInclude Include="enum.h">
      <Filter>File di intestazione</Filter>
    </ClInclude>
    <ClInclude Include="Materiali_Base.h">
      <Filter>File di intestazione</Filter>
    </ClInclude>
    <ClInclude Include="..\..\Progetto10\Progetto10\ImGui\imstb_truetype.h">
      <Filter>File di intestazione\imgui</Filter>
    </ClInclude>
    <ClInclude Include="..\..\Progetto10\Progetto10\ImGui\imconfig.h">
      <Filter>File di intestazione\imgui</Filter>
    </ClInclude>
    <ClInclude Include="..\..\Progetto10\Progetto10\ImGui\imgui.h">
      <Filter>File di intestazione\imgui</Filter>
    </ClInclude>
    <ClInclude Include="..\..\Progetto10\Progetto10\ImGui\imgui_impl_glfw.h">
      <Filter>File di intestazione\imgui</Filter>
    </ClInclude>
    <ClInclude Include="..\..\Progetto10\Progetto10\ImGui\imgui_impl_opengl3.h">
      <Filter>File di intestazione\imgui</Filter>
    </ClInclude>
    <ClInclude Include="..\..\Progetto10\Progetto10\ImGui\imgui_impl_opengl3_loader.h">
      <Filter>File di intestazione\imgui</Filter>
    </ClInclude>
    <ClInclude Include="..\..\Progetto10\Progetto10\ImGui\imgui_internal.h">
      <Filter>File di intestazione\imgui</Filter>
    </ClInclude>
    <ClInclude Include="..\..\Progetto10\Progetto10\ImGui\imstb_rectpack.h">
      <Filter>File di intestazione\imgui</Filter>
    </ClInclude>
    <ClInclude Include="..\..\Progetto10\Progetto10\ImGui\imstb_textedit.h">
      <Filter>File di intestazione\imgui</Filter>
    </ClInclude>
  </ItemGroup>
  <ItemGroup>
    <None Include="vertexShader_CubeMap.glsl" />
    <None Include="vertexShader_riflessione.glsl" />
    <None Include="vertexShaderM.glsl" />
    <None Include="fragmentShaderM.glsl" />
    <None Include="fragmentShader_riflessione.glsl" />
    <None Include="fragmentShader_CubeMap.glsl" />
    <None Include="assimp-vc142-mtd.dll" />
    <None Include="assimp-vc142-mt.dll" />
    <None Include="packages.config" />
  </ItemGroup>
</Project>